
Microsoft Visual Studio Solution File, Format Version 12.00
# Visual Studio Version 17
VisualStudioVersion = 17.0.31903.59
MinimumVisualStudioVersion = 10.0.40219.1
Project("{2150E333-8FDC-42A3-9474-1A3956D46DE8}") = "src", "src", "{827E0CD3-B72D-47B6-A68D-7590B98EB39B}"
EndProject
Project("{FAE04EC0-301F-11D3-BF4B-00C04F79EFBC}") = "Nexus.Core", "src\Nexus.Core\Nexus.Core.csproj", "{9B3BF020-7C80-4DFC-8CF8-54F82ACE07BB}"
EndProject
Project("{FAE04EC0-301F-11D3-BF4B-00C04F79EFBC}") = "Nexus.Domain", "src\Nexus.Domain\Nexus.Domain.csproj", "{AA8D1D75-9E4B-4597-85A7-BA99AC3754C0}"
EndProject
Project("{FAE04EC0-301F-11D3-BF4B-00C04F79EFBC}") = "Nexus.Application", "src\Nexus.Application\Nexus.Application.csproj", "{9964E220-3C68-4BAA-A79E-98B1CA74D1E9}"
EndProject
Project("{FAE04EC0-301F-11D3-BF4B-00C04F79EFBC}") = "Nexus.Infrastructure", "src\Nexus.Infrastructure\Nexus.Infrastructure.csproj", "{FD37B494-018C-4181-9D11-30D6A56E211B}"
EndProject
Project("{FAE04EC0-301F-11D3-BF4B-00C04F79EFBC}") = "Nexus.Ingestion", "src\Nexus.Ingestion\Nexus.Ingestion.csproj", "{150E1436-E4E3-44F2-AF8B-D089B87C1D3A}"
EndProject
Project("{FAE04EC0-301F-11D3-BF4B-00C04F79EFBC}") = "Nexus.Graph", "src\Nexus.Graph\Nexus.Graph.csproj", "{70553D31-F020-4148-9A20-8F5FE4C69A3C}"
EndProject
Project("{FAE04EC0-301F-11D3-BF4B-00C04F79EFBC}") = "Nexus.Risk", "src\Nexus.Risk\Nexus.Risk.csproj", "{3D815B74-BCF6-451A-A530-51BDFBFD69D6}"
EndProject
Project("{FAE04EC0-301F-11D3-BF4B-00C04F79EFBC}") = "Nexus.AI", "src\Nexus.AI\Nexus.AI.csproj", "{6EEA2E77-3624-4368-A178-4F7D2503CD15}"
EndProject
Project("{FAE04EC0-301F-11D3-BF4B-00C04F79EFBC}") = "Nexus.Connectors", "src\Nexus.Connectors\Nexus.Connectors.csproj", "{2B550D46-4E55-425E-A26B-10554F975173}"
EndProject
Project("{FAE04EC0-301F-11D3-BF4B-00C04F79EFBC}") = "Nexus.Security", "src\Nexus.Security\Nexus.Security.csproj", "{1E9D913E-C711-422F-93CE-F0D81CA56295}"
EndProject
Project("{FAE04EC0-301F-11D3-BF4B-00C04F79EFBC}") = "Nexus.Observability", "src\Nexus.Observability\Nexus.Observability.csproj", "{D6A08CE1-9BF2-4C7C-AD02-BE07AE0D6C05}"
EndProject
Project("{FAE04EC0-301F-11D3-BF4B-00C04F79EFBC}") = "Nexus.Api", "src\Nexus.Api\Nexus.Api.csproj", "{9D8C19BD-C682-43E1-BB4B-E031FDD58F2B}"
EndProject
Project("{FAE04EC0-301F-11D3-BF4B-00C04F79EFBC}") = "Nexus.Seed", "src\Nexus.Seed\Nexus.Seed.csproj", "{09138EBA-4BCD-4EA3-9C12-88F2BC491593}"
EndProject
Project("{2150E333-8FDC-42A3-9474-1A3956D46DE8}") = "tests", "tests", "{0AB3BF05-4346-4AA6-1389-037BE0695223}"
EndProject
Project("{FAE04EC0-301F-11D3-BF4B-00C04F79EFBC}") = "Nexus.Tests", "tests\Nexus.Tests\Nexus.Tests.csproj", "{44F6E0D8-8825-40C6-B312-BE5732327559}"
EndProject
Global
	GlobalSection(SolutionConfigurationPlatforms) = preSolution
		Debug|Any CPU = Debug|Any CPU
		Debug|x64 = Debug|x64
		Debug|x86 = Debug|x86
		Release|Any CPU = Release|Any CPU
		Release|x64 = Release|x64
		Release|x86 = Release|x86
	EndGlobalSection
	GlobalSection(ProjectConfigurationPlatforms) = postSolution
		{9B3BF020-7C80-4DFC-8CF8-54F82ACE07BB}.Debug|Any CPU.ActiveCfg = Debug|Any CPU
		{9B3BF020-7C80-4DFC-8CF8-54F82ACE07BB}.Debug|Any CPU.Build.0 = Debug|Any CPU
		{9B3BF020-7C80-4DFC-8CF8-54F82ACE07BB}.Debug|x64.ActiveCfg = Debug|Any CPU
		{9B3BF020-7C80-4DFC-8CF8-54F82ACE07BB}.Debug|x64.Build.0 = Debug|Any CPU
		{9B3BF020-7C80-4DFC-8CF8-54F82ACE07BB}.Debug|x86.ActiveCfg = Debug|Any CPU
		{9B3BF020-7C80-4DFC-8CF8-54F82ACE07BB}.Debug|x86.Build.0 = Debug|Any CPU
		{9B3BF020-7C80-4DFC-8CF8-54F82ACE07BB}.Release|Any CPU.ActiveCfg = Release|Any CPU
		{9B3BF020-7C80-4DFC-8CF8-54F82ACE07BB}.Release|Any CPU.Build.0 = Release|Any CPU
		{9B3BF020-7C80-4DFC-8CF8-54F82ACE07BB}.Release|x64.ActiveCfg = Release|Any CPU
		{9B3BF020-7C80-4DFC-8CF8-54F82ACE07BB}.Release|x64.Build.0 = Release|Any CPU
		{9B3BF020-7C80-4DFC-8CF8-54F82ACE07BB}.Release|x86.ActiveCfg = Release|Any CPU
		{9B3BF020-7C80-4DFC-8CF8-54F82ACE07BB}.Release|x86.Build.0 = Release|Any CPU
		{AA8D1D75-9E4B-4597-85A7-BA99AC3754C0}.Debug|Any CPU.ActiveCfg = Debug|Any CPU
		{AA8D1D75-9E4B-4597-85A7-BA99AC3754C0}.Debug|Any CPU.Build.0 = Debug|Any CPU
		{AA8D1D75-9E4B-4597-85A7-BA99AC3754C0}.Debug|x64.ActiveCfg = Debug|Any CPU
		{AA8D1D75-9E4B-4597-85A7-BA99AC3754C0}.Debug|x64.Build.0 = Debug|Any CPU
		{AA8D1D75-9E4B-4597-85A7-BA99AC3754C0}.Debug|x86.ActiveCfg = Debug|Any CPU
		{AA8D1D75-9E4B-4597-85A7-BA99AC3754C0}.Debug|x86.Build.0 = Debug|Any CPU
		{AA8D1D75-9E4B-4597-85A7-BA99AC3754C0}.Release|Any CPU.ActiveCfg = Release|Any CPU
		{AA8D1D75-9E4B-4597-85A7-BA99AC3754C0}.Release|Any CPU.Build.0 = Release|Any CPU
		{AA8D1D75-9E4B-4597-85A7-BA99AC3754C0}.Release|x64.ActiveCfg = Release|Any CPU
		{AA8D1D75-9E4B-4597-85A7-BA99AC3754C0}.Release|x64.Build.0 = Release|Any CPU
		{AA8D1D75-9E4B-4597-85A7-BA99AC3754C0}.Release|x86.ActiveCfg = Release|Any CPU
		{AA8D1D75-9E4B-4597-85A7-BA99AC3754C0}.Release|x86.Build.0 = Release|Any CPU
		{9964E220-3C68-4BAA-A79E-98B1CA74D1E9}.Debug|Any CPU.ActiveCfg = Debug|Any CPU
		{9964E220-3C68-4BAA-A79E-98B1CA74D1E9}.Debug|Any CPU.Build.0 = Debug|Any CPU
		{9964E220-3C68-4BAA-A79E-98B1CA74D1E9}.Debug|x64.ActiveCfg = Debug|Any CPU
		{9964E220-3C68-4BAA-A79E-98B1CA74D1E9}.Debug|x64.Build.0 = Debug|Any CPU
		{9964E220-3C68-4BAA-A79E-98B1CA74D1E9}.Debug|x86.ActiveCfg = Debug|Any CPU
		{9964E220-3C68-4BAA-A79E-98B1CA74D1E9}.Debug|x86.Build.0 = Debug|Any CPU
		{9964E220-3C68-4BAA-A79E-98B1CA74D1E9}.Release|Any CPU.ActiveCfg = Release|Any CPU
		{9964E220-3C68-4BAA-A79E-98B1CA74D1E9}.Release|Any CPU.Build.0 = Release|Any CPU
		{9964E220-3C68-4BAA-A79E-98B1CA74D1E9}.Release|x64.ActiveCfg = Release|Any CPU
		{9964E220-3C68-4BAA-A79E-98B1CA74D1E9}.Release|x64.Build.0 = Release|Any CPU
		{9964E220-3C68-4BAA-A79E-98B1CA74D1E9}.Release|x86.ActiveCfg = Release|Any CPU
		{9964E220-3C68-4BAA-A79E-98B1CA74D1E9}.Release|x86.Build.0 = Release|Any CPU
		{FD37B494-018C-4181-9D11-30D6A56E211B}.Debug|Any CPU.ActiveCfg = Debug|Any CPU
		{FD37B494-018C-4181-9D11-30D6A56E211B}.Debug|Any CPU.Build.0 = Debug|Any CPU
		{FD37B494-018C-4181-9D11-30D6A56E211B}.Debug|x64.ActiveCfg = Debug|Any CPU
		{FD37B494-018C-4181-9D11-30D6A56E211B}.Debug|x64.Build.0 = Debug|Any CPU
		{FD37B494-018C-4181-9D11-30D6A56E211B}.Debug|x86.ActiveCfg = Debug|Any CPU
		{FD37B494-018C-4181-9D11-30D6A56E211B}.Debug|x86.Build.0 = Debug|Any CPU
		{FD37B494-018C-4181-9D11-30D6A56E211B}.Release|Any CPU.ActiveCfg = Release|Any CPU
		{FD37B494-018C-4181-9D11-30D6A56E211B}.Release|Any CPU.Build.0 = Release|Any CPU
		{FD37B494-018C-4181-9D11-30D6A56E211B}.Release|x64.ActiveCfg = Release|Any CPU
		{FD37B494-018C-4181-9D11-30D6A56E211B}.Release|x64.Build.0 = Release|Any CPU
		{FD37B494-018C-4181-9D11-30D6A56E211B}.Release|x86.ActiveCfg = Release|Any CPU
		{FD37B494-018C-4181-9D11-30D6A56E211B}.Release|x86.Build.0 = Release|Any CPU
		{150E1436-E4E3-44F2-AF8B-D089B87C1D3A}.Debug|Any CPU.ActiveCfg = Debug|Any CPU
		{150E1436-E4E3-44F2-AF8B-D089B87C1D3A}.Debug|Any CPU.Build.0 = Debug|Any CPU
		{150E1436-E4E3-44F2-AF8B-D089B87C1D3A}.Debug|x64.ActiveCfg = Debug|Any CPU
		{150E1436-E4E3-44F2-AF8B-D089B87C1D3A}.Debug|x64.Build.0 = Debug|Any CPU
		{150E1436-E4E3-44F2-AF8B-D089B87C1D3A}.Debug|x86.ActiveCfg = Debug|Any CPU
		{150E1436-E4E3-44F2-AF8B-D089B87C1D3A}.Debug|x86.Build.0 = Debug|Any CPU
		{150E1436-E4E3-44F2-AF8B-D089B87C1D3A}.Release|Any CPU.ActiveCfg = Release|Any CPU
		{150E1436-E4E3-44F2-AF8B-D089B87C1D3A}.Release|Any CPU.Build.0 = Release|Any CPU
		{150E1436-E4E3-44F2-AF8B-D089B87C1D3A}.Release|x64.ActiveCfg = Release|Any CPU
		{150E1436-E4E3-44F2-AF8B-D089B87C1D3A}.Release|x64.Build.0 = Release|Any CPU
		{150E1436-E4E3-44F2-AF8B-D089B87C1D3A}.Release|x86.ActiveCfg = Release|Any CPU
		{150E1436-E4E3-44F2-AF8B-D089B87C1D3A}.Release|x86.Build.0 = Release|Any CPU
		{70553D31-F020-4148-9A20-8F5FE4C69A3C}.Debug|Any CPU.ActiveCfg = Debug|Any CPU
		{70553D31-F020-4148-9A20-8F5FE4C69A3C}.Debug|Any CPU.Build.0 = Debug|Any CPU
		{70553D31-F020-4148-9A20-8F5FE4C69A3C}.Debug|x64.ActiveCfg = Debug|Any CPU
		{70553D31-F020-4148-9A20-8F5FE4C69A3C}.Debug|x64.Build.0 = Debug|Any CPU
		{70553D31-F020-4148-9A20-8F5FE4C69A3C}.Debug|x86.ActiveCfg = Debug|Any CPU
		{70553D31-F020-4148-9A20-8F5FE4C69A3C}.Debug|x86.Build.0 = Debug|Any CPU
		{70553D31-F020-4148-9A20-8F5FE4C69A3C}.Release|Any CPU.ActiveCfg = Release|Any CPU
		{70553D31-F020-4148-9A20-8F5FE4C69A3C}.Release|Any CPU.Build.0 = Release|Any CPU
		{70553D31-F020-4148-9A20-8F5FE4C69A3C}.Release|x64.ActiveCfg = Release|Any CPU
		{70553D31-F020-4148-9A20-8F5FE4C69A3C}.Release|x64.Build.0 = Release|Any CPU
		{70553D31-F020-4148-9A20-8F5FE4C69A3C}.Release|x86.ActiveCfg = Release|Any CPU
		{70553D31-F020-4148-9A20-8F5FE4C69A3C}.Release|x86.Build.0 = Release|Any CPU
		{3D815B74-BCF6-451A-A530-51BDFBFD69D6}.Debug|Any CPU.ActiveCfg = Debug|Any CPU
		{3D815B74-BCF6-451A-A530-51BDFBFD69D6}.Debug|Any CPU.Build.0 = Debug|Any CPU
		{3D815B74-BCF6-451A-A530-51BDFBFD69D6}.Debug|x64.ActiveCfg = Debug|Any CPU
		{3D815B74-BCF6-451A-A530-51BDFBFD69D6}.Debug|x64.Build.0 = Debug|Any CPU
		{3D815B74-BCF6-451A-A530-51BDFBFD69D6}.Debug|x86.ActiveCfg = Debug|Any CPU
		{3D815B74-BCF6-451A-A530-51BDFBFD69D6}.Debug|x86.Build.0 = Debug|Any CPU
		{3D815B74-BCF6-451A-A530-51BDFBFD69D6}.Release|Any CPU.ActiveCfg = Release|Any CPU
		{3D815B74-BCF6-451A-A530-51BDFBFD69D6}.Release|Any CPU.Build.0 = Release|Any CPU
		{3D815B74-BCF6-451A-A530-51BDFBFD69D6}.Release|x64.ActiveCfg = Release|Any CPU
		{3D815B74-BCF6-451A-A530-51BDFBFD69D6}.Release|x64.Build.0 = Release|Any CPU
		{3D815B74-BCF6-451A-A530-51BDFBFD69D6}.Release|x86.ActiveCfg = Release|Any CPU
		{3D815B74-BCF6-451A-A530-51BDFBFD69D6}.Release|x86.Build.0 = Release|Any CPU
		{6EEA2E77-3624-4368-A178-4F7D2503CD15}.Debug|Any CPU.ActiveCfg = Debug|Any CPU
		{6EEA2E77-3624-4368-A178-4F7D2503CD15}.Debug|Any CPU.Build.0 = Debug|Any CPU
		{6EEA2E77-3624-4368-A178-4F7D2503CD15}.Debug|x64.ActiveCfg = Debug|Any CPU
		{6EEA2E77-3624-4368-A178-4F7D2503CD15}.Debug|x64.Build.0 = Debug|Any CPU
		{6EEA2E77-3624-4368-A178-4F7D2503CD15}.Debug|x86.ActiveCfg = Debug|Any CPU
		{6EEA2E77-3624-4368-A178-4F7D2503CD15}.Debug|x86.Build.0 = Debug|Any CPU
		{6EEA2E77-3624-4368-A178-4F7D2503CD15}.Release|Any CPU.ActiveCfg = Release|Any CPU
		{6EEA2E77-3624-4368-A178-4F7D2503CD15}.Release|Any CPU.Build.0 = Release|Any CPU
		{6EEA2E77-3624-4368-A178-4F7D2503CD15}.Release|x64.ActiveCfg = Release|Any CPU
		{6EEA2E77-3624-4368-A178-4F7D2503CD15}.Release|x64.Build.0 = Release|Any CPU
		{6EEA2E77-3624-4368-A178-4F7D2503CD15}.Release|x86.ActiveCfg = Release|Any CPU
		{6EEA2E77-3624-4368-A178-4F7D2503CD15}.Release|x86.Build.0 = Release|Any CPU
		{2B550D46-4E55-425E-A26B-10554F975173}.Debug|Any CPU.ActiveCfg = Debug|Any CPU
		{2B550D46-4E55-425E-A26B-10554F975173}.Debug|Any CPU.Build.0 = Debug|Any CPU
		{2B550D46-4E55-425E-A26B-10554F975173}.Debug|x64.ActiveCfg = Debug|Any CPU
		{2B550D46-4E55-425E-A26B-10554F975173}.Debug|x64.Build.0 = Debug|Any CPU
		{2B550D46-4E55-425E-A26B-10554F975173}.Debug|x86.ActiveCfg = Debug|Any CPU
		{2B550D46-4E55-425E-A26B-10554F975173}.Debug|x86.Build.0 = Debug|Any CPU
		{2B550D46-4E55-425E-A26B-10554F975173}.Release|Any CPU.ActiveCfg = Release|Any CPU
		{2B550D46-4E55-425E-A26B-10554F975173}.Release|Any CPU.Build.0 = Release|Any CPU
		{2B550D46-4E55-425E-A26B-10554F975173}.Release|x64.ActiveCfg = Release|Any CPU
		{2B550D46-4E55-425E-A26B-10554F975173}.Release|x64.Build.0 = Release|Any CPU
		{2B550D46-4E55-425E-A26B-10554F975173}.Release|x86.ActiveCfg = Release|Any CPU
		{2B550D46-4E55-425E-A26B-10554F975173}.Release|x86.Build.0 = Release|Any CPU
		{1E9D913E-C711-422F-93CE-F0D81CA56295}.Debug|Any CPU.ActiveCfg = Debug|Any CPU
		{1E9D913E-C711-422F-93CE-F0D81CA56295}.Debug|Any CPU.Build.0 = Debug|Any CPU
		{1E9D913E-C711-422F-93CE-F0D81CA56295}.Debug|x64.ActiveCfg = Debug|Any CPU
		{1E9D913E-C711-422F-93CE-F0D81CA56295}.Debug|x64.Build.0 = Debug|Any CPU
		{1E9D913E-C711-422F-93CE-F0D81CA56295}.Debug|x86.ActiveCfg = Debug|Any CPU
		{1E9D913E-C711-422F-93CE-F0D81CA56295}.Debug|x86.Build.0 = Debug|Any CPU
		{1E9D913E-C711-422F-93CE-F0D81CA56295}.Release|Any CPU.ActiveCfg = Release|Any CPU
		{1E9D913E-C711-422F-93CE-F0D81CA56295}.Release|Any CPU.Build.0 = Release|Any CPU
		{1E9D913E-C711-422F-93CE-F0D81CA56295}.Release|x64.ActiveCfg = Release|Any CPU
		{1E9D913E-C711-422F-93CE-F0D81CA56295}.Release|x64.Build.0 = Release|Any CPU
		{1E9D913E-C711-422F-93CE-F0D81CA56295}.Release|x86.ActiveCfg = Release|Any CPU
		{1E9D913E-C711-422F-93CE-F0D81CA56295}.Release|x86.Build.0 = Release|Any CPU
		{D6A08CE1-9BF2-4C7C-AD02-BE07AE0D6C05}.Debug|Any CPU.ActiveCfg = Debug|Any CPU
		{D6A08CE1-9BF2-4C7C-AD02-BE07AE0D6C05}.Debug|Any CPU.Build.0 = Debug|Any CPU
		{D6A08CE1-9BF2-4C7C-AD02-BE07AE0D6C05}.Debug|x64.ActiveCfg = Debug|Any CPU
		{D6A08CE1-9BF2-4C7C-AD02-BE07AE0D6C05}.Debug|x64.Build.0 = Debug|Any CPU
		{D6A08CE1-9BF2-4C7C-AD02-BE07AE0D6C05}.Debug|x86.ActiveCfg = Debug|Any CPU
		{D6A08CE1-9BF2-4C7C-AD02-BE07AE0D6C05}.Debug|x86.Build.0 = Debug|Any CPU
		{D6A08CE1-9BF2-4C7C-AD02-BE07AE0D6C05}.Release|Any CPU.ActiveCfg = Release|Any CPU
		{D6A08CE1-9BF2-4C7C-AD02-BE07AE0D6C05}.Release|Any CPU.Build.0 = Release|Any CPU
		{D6A08CE1-9BF2-4C7C-AD02-BE07AE0D6C05}.Release|x64.ActiveCfg = Release|Any CPU
		{D6A08CE1-9BF2-4C7C-AD02-BE07AE0D6C05}.Release|x64.Build.0 = Release|Any CPU
		{D6A08CE1-9BF2-4C7C-AD02-BE07AE0D6C05}.Release|x86.ActiveCfg = Release|Any CPU
		{D6A08CE1-9BF2-4C7C-AD02-BE07AE0D6C05}.Release|x86.Build.0 = Release|Any CPU
		{9D8C19BD-C682-43E1-BB4B-E031FDD58F2B}.Debug|Any CPU.ActiveCfg = Debug|Any CPU
		{9D8C19BD-C682-43E1-BB4B-E031FDD58F2B}.Debug|Any CPU.Build.0 = Debug|Any CPU
		{9D8C19BD-C682-43E1-BB4B-E031FDD58F2B}.Debug|x64.ActiveCfg = Debug|Any CPU
		{9D8C19BD-C682-43E1-BB4B-E031FDD58F2B}.Debug|x64.Build.0 = Debug|Any CPU
		{9D8C19BD-C682-43E1-BB4B-E031FDD58F2B}.Debug|x86.ActiveCfg = Debug|Any CPU
		{9D8C19BD-C682-43E1-BB4B-E031FDD58F2B}.Debug|x86.Build.0 = Debug|Any CPU
		{9D8C19BD-C682-43E1-BB4B-E031FDD58F2B}.Release|Any CPU.ActiveCfg = Release|Any CPU
		{9D8C19BD-C682-43E1-BB4B-E031FDD58F2B}.Release|Any CPU.Build.0 = Release|Any CPU
		{9D8C19BD-C682-43E1-BB4B-E031FDD58F2B}.Release|x64.ActiveCfg = Release|Any CPU
		{9D8C19BD-C682-43E1-BB4B-E031FDD58F2B}.Release|x64.Build.0 = Release|Any CPU
		{9D8C19BD-C682-43E1-BB4B-E031FDD58F2B}.Release|x86.ActiveCfg = Release|Any CPU
		{9D8C19BD-C682-43E1-BB4B-E031FDD58F2B}.Release|x86.Build.0 = Release|Any CPU
		{09138EBA-4BCD-4EA3-9C12-88F2BC491593}.Debug|Any CPU.ActiveCfg = Debug|Any CPU
		{09138EBA-4BCD-4EA3-9C12-88F2BC491593}.Debug|Any CPU.Build.0 = Debug|Any CPU
		{09138EBA-4BCD-4EA3-9C12-88F2BC491593}.Debug|x64.ActiveCfg = Debug|Any CPU
		{09138EBA-4BCD-4EA3-9C12-88F2BC491593}.Debug|x64.Build.0 = Debug|Any CPU
		{09138EBA-4BCD-4EA3-9C12-88F2BC491593}.Debug|x86.ActiveCfg = Debug|Any CPU
		{09138EBA-4BCD-4EA3-9C12-88F2BC491593}.Debug|x86.Build.0 = Debug|Any CPU
		{09138EBA-4BCD-4EA3-9C12-88F2BC491593}.Release|Any CPU.ActiveCfg = Release|Any CPU
		{09138EBA-4BCD-4EA3-9C12-88F2BC491593}.Release|Any CPU.Build.0 = Release|Any CPU
		{09138EBA-4BCD-4EA3-9C12-88F2BC491593}.Release|x64.ActiveCfg = Release|Any CPU
		{09138EBA-4BCD-4EA3-9C12-88F2BC491593}.Release|x64.Build.0 = Release|Any CPU
		{09138EBA-4BCD-4EA3-9C12-88F2BC491593}.Release|x86.ActiveCfg = Release|Any CPU
		{09138EBA-4BCD-4EA3-9C12-88F2BC491593}.Release|x86.Build.0 = Release|Any CPU
		{44F6E0D8-8825-40C6-B312-BE5732327559}.Debug|Any CPU.ActiveCfg = Debug|Any CPU
		{44F6E0D8-8825-40C6-B312-BE5732327559}.Debug|Any CPU.Build.0 = Debug|Any CPU
		{44F6E0D8-8825-40C6-B312-BE5732327559}.Debug|x64.ActiveCfg = Debug|Any CPU
		{44F6E0D8-8825-40C6-B312-BE5732327559}.Debug|x64.Build.0 = Debug|Any CPU
		{44F6E0D8-8825-40C6-B312-BE5732327559}.Debug|x86.ActiveCfg = Debug|Any CPU
		{44F6E0D8-8825-40C6-B312-BE5732327559}.Debug|x86.Build.0 = Debug|Any CPU
		{44F6E0D8-8825-40C6-B312-BE5732327559}.Release|Any CPU.ActiveCfg = Release|Any CPU
		{44F6E0D8-8825-40C6-B312-BE5732327559}.Release|Any CPU.Build.0 = Release|Any CPU
		{44F6E0D8-8825-40C6-B312-BE5732327559}.Release|x64.ActiveCfg = Release|Any CPU
		{44F6E0D8-8825-40C6-B312-BE5732327559}.Release|x64.Build.0 = Release|Any CPU
		{44F6E0D8-8825-40C6-B312-BE5732327559}.Release|x86.ActiveCfg = Release|Any CPU
		{44F6E0D8-8825-40C6-B312-BE5732327559}.Release|x86.Build.0 = Release|Any CPU
	EndGlobalSection
	GlobalSection(SolutionProperties) = preSolution
		HideSolutionNode = FALSE
	EndGlobalSection
	GlobalSection(NestedProjects) = preSolution
		{9B3BF020-7C80-4DFC-8CF8-54F82ACE07BB} = {827E0CD3-B72D-47B6-A68D-7590B98EB39B}
		{AA8D1D75-9E4B-4597-85A7-BA99AC3754C0} = {827E0CD3-B72D-47B6-A68D-7590B98EB39B}
		{9964E220-3C68-4BAA-A79E-98B1CA74D1E9} = {827E0CD3-B72D-47B6-A68D-7590B98EB39B}
		{FD37B494-018C-4181-9D11-30D6A56E211B} = {827E0CD3-B72D-47B6-A68D-7590B98EB39B}
		{150E1436-E4E3-44F2-AF8B-D089B87C1D3A} = {827E0CD3-B72D-47B6-A68D-7590B98EB39B}
		{70553D31-F020-4148-9A20-8F5FE4C69A3C} = {827E0CD3-B72D-47B6-A68D-7590B98EB39B}
		{3D815B74-BCF6-451A-A530-51BDFBFD69D6} = {827E0CD3-B72D-47B6-A68D-7590B98EB39B}
		{6EEA2E77-3624-4368-A178-4F7D2503CD15} = {827E0CD3-B72D-47B6-A68D-7590B98EB39B}
		{2B550D46-4E55-425E-A26B-10554F975173} = {827E0CD3-B72D-47B6-A68D-7590B98EB39B}
		{1E9D913E-C711-422F-93CE-F0D81CA56295} = {827E0CD3-B72D-47B6-A68D-7590B98EB39B}
		{D6A08CE1-9BF2-4C7C-AD02-BE07AE0D6C05} = {827E0CD3-B72D-47B6-A68D-7590B98EB39B}
		{9D8C19BD-C682-43E1-BB4B-E031FDD58F2B} = {827E0CD3-B72D-47B6-A68D-7590B98EB39B}
		{09138EBA-4BCD-4EA3-9C12-88F2BC491593} = {827E0CD3-B72D-47B6-A68D-7590B98EB39B}
		{44F6E0D8-8825-40C6-B312-BE5732327559} = {0AB3BF05-4346-4AA6-1389-037BE0695223}
	EndGlobalSection
EndGlobal
